
Microsoft Visual Studio Solution File, Format Version 12.00
# Visual Studio 15
VisualStudioVersion = 15.0.28307.489
MinimumVisualStudioVersion = 10.0.40219.1
Project("{8BC9CEB8-8B4A-11D0-8D11-00A0C91BC942}") = "OOD05", "OOD05\OOD05.vcxproj", "{3664881B-3044-4AAB-A47E-B97D6A1ABB46}"
EndProject
Global
	GlobalSection(SolutionConfigurationPlatforms) = preSolution
		Debug|x64 = Debug|x64
		Debug|x86 = Debug|x86
		Release|x64 = Release|x64
		Release|x86 = Release|x86
	EndGlobalSection
	GlobalSection(ProjectConfigurationPlatforms) = postSolution
		{3664881B-3044-4AAB-A47E-B97D6A1ABB46}.Debug|x64.ActiveCfg = Debug|x64
		{3664881B-3044-4AAB-A47E-B97D6A1ABB46}.Debug|x64.Build.0 = Debug|x64
		{3664881B-3044-4AAB-A47E-B97D6A1ABB46}.Debug|x86.ActiveCfg = Debug|Win32
		{3664881B-3044-4AAB-A47E-B97D6A1ABB46}.Debug|x86.Build.0 = Debug|Win32
		{3664881B-3044-4AAB-A47E-B97D6A1ABB46}.Release|x64.ActiveCfg = Release|x64
		{3664881B-3044-4AAB-A47E-B97D6A1ABB46}.Release|x64.Build.0 = Release|x64
		{3664881B-3044-4AAB-A47E-B97D6A1ABB46}.Release|x86.ActiveCfg = Release|Win32
		{3664881B-3044-4AAB-A47E-B97D6A1ABB46}.Release|x86.Build.0 = Release|Win32
	EndGlobalSection
	GlobalSection(SolutionProperties) = preSolution
		HideSolutionNode = FALSE
	EndGlobalSection
	GlobalSection(ExtensibilityGlobals) = postSolution
		SolutionGuid = {10AB5E16-EE43-4AD7-8256-354927BB996A}
	EndGlobalSection
EndGlobal
